{
  "name": "rut-text-mask",
  "version": "1.0.0",
  "lockfileVersion": 1,
  "requires": true,
  "dependencies": {
    "text-mask-rut": {
      "version": "0.0.3",
      "resolved": "https://registry.npmjs.org/text-mask-rut/-/text-mask-rut-0.0.3.tgz",
      "integrity": "sha512-HqVXzmeD78zFmT/3xJrVycODqyCSRAmPC0UdWVlcmUtNOlaIHhtdmpB94YqpWPRyUFycqPZqkQjT7tk1FgvaAQ=="
    }
  }
}
